// !$*UTF8*$!
{
	archiveVersion = 1;
	classes = {
	};
	objectVersion = 50;
	objects = {

/* Begin PBXBuildFile section */
		335170AB20AA1EC10005D452 /* viewcontTaskList.swift in Sources */ = {isa = PBXBuildFile; fileRef = 335170AA20AA1EC10005D452 /* viewcontTaskList.swift */; };
		A024544620A42D0B00AEA979 /* TaskDao.swift in Sources */ = {isa = PBXBuildFile; fileRef = A024544520A42D0B00AEA979 /* TaskDao.swift */; };
		A046A25B20A25841004C2809 /* AppDelegate.swift in Sources */ = {isa = PBXBuildFile; fileRef = A046A25A20A25841004C2809 /* AppDelegate.swift */; };
		A046A25D20A25841004C2809 /* ViewController.swift in Sources */ = {isa = PBXBuildFile; fileRef = A046A25C20A25841004C2809 /* ViewController.swift */; };
		A046A26020A25842004C2809 /* Main.storyboard in Resources */ = {isa = PBXBuildFile; fileRef = A046A25E20A25842004C2809 /* Main.storyboard */; };
		A046A26220A25849004C2809 /* Assets.xcassets in Resources */ = {isa = PBXBuildFile; fileRef = A046A26120A25849004C2809 /* Assets.xcassets */; };
		A046A26520A25849004C2809 /* LaunchScreen.storyboard in Resources */ = {isa = PBXBuildFile; fileRef = A046A26320A25849004C2809 /* LaunchScreen.storyboard */; };
		A046A26E20A3657E004C2809 /* TaskModel.swift in Sources */ = {isa = PBXBuildFile; fileRef = A046A26D20A3657E004C2809 /* TaskModel.swift */; };
/* End PBXBuildFile section */

/* Begin PBXFileReference section */
		335170AA20AA1EC10005D452 /* viewcontTaskList.swift */ = {isa = PBXFileReference; lastKnownFileType = sourcecode.swift; path = viewcontTaskList.swift; sourceTree = "<group>"; };
		A024544520A42D0B00AEA979 /* TaskDao.swift */ = {isa = PBXFileReference; lastKnownFileType = sourcecode.swift; path = TaskDao.swift; sourceTree = "<group>"; };
		A046A25720A25841004C2809 /* TaskApp-Test.app */ = {isa = PBXFileReference; explicitFileType = wrapper.application; includeInIndex = 0; path = "TaskApp-Test.app"; sourceTree = BUILT_PRODUCTS_DIR; };
		A046A25A20A25841004C2809 /* AppDelegate.swift */ = {isa = PBXFileReference; lastKnownFileType = sourcecode.swift; path = AppDelegate.swift; sourceTree = "<group>"; };
		A046A25C20A25841004C2809 /* ViewController.swift */ = {isa = PBXFileReference; lastKnownFileType = sourcecode.swift; path = ViewController.swift; sourceTree = "<group>"; };
		A046A25F20A25842004C2809 /* Base */ = {isa = PBXFileReference; lastKnownFileType = file.storyboard; name = Base; path = Base.lproj/Main.storyboard; sourceTree = "<group>"; };
		A046A26120A25849004C2809 /* Assets.xcassets */ = {isa = PBXFileReference; lastKnownFileType = folder.assetcatalog; path = Assets.xcassets; sourceTree = "<group>"; };
		A046A26420A25849004C2809 /* Base */ = {isa = PBXFileReference; lastKnownFileType = file.storyboard; name = Base; path = Base.lproj/LaunchScreen.storyboard; sourceTree = "<group>"; };
		A046A26620A25849004C2809 /* Info.plist */ = {isa = PBXFileReference; lastKnownFileType = text.plist.xml; path = Info.plist; sourceTree = "<group>"; };
		A046A26D20A3657E004C2809 /* TaskModel.swift */ = {isa = PBXFileReference; lastKnownFileType = sourcecode.swift; path = TaskModel.swift; sourceTree = "<group>"; };
/* End PBXFileReference section */

/* Begin PBXFrameworksBuildPhase section */
		A046A25420A25841004C2809 /* Frameworks */ = {
			isa = PBXFrameworksBuildPhase;
			buildActionMask = 2147483647;
			files = (
			);
			runOnlyForDeploymentPostprocessing = 0;
		};
/* End PBXFrameworksBuildPhase section */

/* Begin PBXGroup section */
		33272CA520A63CAD005BD973 /* ViewModels */ = {
			isa = PBXGroup;
			children = (
				A046A25C20A25841004C2809 /* ViewController.swift */,
				335170AA20AA1EC10005D452 /* viewcontTaskList.swift */,
			);
			path = ViewModels;
			sourceTree = "<group>";
		};
		33272CA620A63D1D005BD973 /* EntityModels */ = {
			isa = PBXGroup;
			children = (
				A046A26D20A3657E004C2809 /* TaskModel.swift */,
			);
			path = EntityModels;
			sourceTree = "<group>";
		};
		33272CA720A63D3E005BD973 /* Views */ = {
			isa = PBXGroup;
			children = (
				A046A26320A25849004C2809 /* LaunchScreen.storyboard */,
				A046A25E20A25842004C2809 /* Main.storyboard */,
			);
			path = Views;
			sourceTree = "<group>";
		};
		A024544420A42BB900AEA979 /* DataAccessModel */ = {
			isa = PBXGroup;
			children = (
				A024544520A42D0B00AEA979 /* TaskDao.swift */,
			);
			name = DataAccessModel;
			path = ..;
			sourceTree = "<group>";
		};
		A046A24E20A25841004C2809 = {
			isa = PBXGroup;
			children = (
				A046A25920A25841004C2809 /* TaskApp-Test */,
				A046A25820A25841004C2809 /* Products */,
			);
			sourceTree = "<group>";
		};
		A046A25820A25841004C2809 /* Products */ = {
			isa = PBXGroup;
			children = (
				A046A25720A25841004C2809 /* TaskApp-Test.app */,
			);
			name = Products;
			sourceTree = "<group>";
		};
		A046A25920A25841004C2809 /* TaskApp-Test */ = {
			isa = PBXGroup;
			children = (
				33272CA720A63D3E005BD973 /* Views */,
				33272CA520A63CAD005BD973 /* ViewModels */,
				A046A25A20A25841004C2809 /* AppDelegate.swift */,
				A046A26C20A364F0004C2809 /* Models */,
				A046A26120A25849004C2809 /* Assets.xcassets */,
				A046A26620A25849004C2809 /* Info.plist */,
			);
			path = "TaskApp-Test";
			sourceTree = "<group>";
		};
		A046A26C20A364F0004C2809 /* Models */ = {
			isa = PBXGroup;
			children = (
				33272CA620A63D1D005BD973 /* EntityModels */,
				A024544420A42BB900AEA979 /* DataAccessModel */,
			);
			path = Models;
			sourceTree = "<group>";
		};
/* End PBXGroup section */

/* Begin PBXNativeTarget section */
		A046A25620A25841004C2809 /* TaskApp-Test */ = {
			isa = PBXNativeTarget;
			buildConfigurationList = A046A26920A25849004C2809 /* Build configuration list for PBXNativeTarget "TaskApp-Test" */;
			buildPhases = (
				A046A25320A25841004C2809 /* Sources */,
				A046A25420A25841004C2809 /* Frameworks */,
				A046A25520A25841004C2809 /* Resources */,
			);
			buildRules = (
			);
			dependencies = (
			);
			name = "TaskApp-Test";
			productName = "TaskApp-Test";
			productReference = A046A25720A25841004C2809 /* TaskApp-Test.app */;
			productType = "com.apple.product-type.application";
		};
/* End PBXNativeTarget section */

/* Begin PBXProject section */
		A046A24F20A25841004C2809 /* Project object */ = {
			isa = PBXProject;
			attributes = {
				LastSwiftUpdateCheck = 0930;
				LastUpgradeCheck = 0930;
				ORGANIZATIONNAME = "Towa Sortware";
				TargetAttributes = {
					A046A25620A25841004C2809 = {
						CreatedOnToolsVersion = 9.3;
					};
				};
			};
			buildConfigurationList = A046A25220A25841004C2809 /* Build configuration list for PBXProject "TaskApp-Test" */;
			compatibilityVersion = "Xcode 9.3";
			developmentRegion = en;
			hasScannedForEncodings = 0;
			knownRegions = (
				en,
				Base,
			);
			mainGroup = A046A24E20A25841004C2809;
			productRefGroup = A046A25820A25841004C2809 /* Products */;
			projectDirPath = "";
			projectRoot = "";
			targets = (
				A046A25620A25841004C2809 /* TaskApp-Test */,
			);
		};
/* End PBXProject section */

/* Begin PBXResourcesBuildPhase section */
		A046A25520A25841004C2809 /* Resources */ = {
			isa = PBXResourcesBuildPhase;
			buildActionMask = 2147483647;
			files = (
				A046A26520A25849004C2809 /* LaunchScreen.storyboard in Resources */,
				A046A26220A25849004C2809 /* Assets.xcassets in Resources */,
				A046A26020A25842004C2809 /* Main.storyboard in Resources */,
			);
			runOnlyForDeploymentPostprocessing = 0;
		};
/* End PBXResourcesBuildPhase section */

/* Begin PBXSourcesBuildPhase section */
		A046A25320A25841004C2809 /* Sources */ = {
			isa = PBXSourcesBuildPhase;
			buildActionMask = 2147483647;
			files = (
				335170AB20AA1EC10005D452 /* viewcontTaskList.swift in Sources */,
				A046A25D20A25841004C2809 /* ViewController.swift in Sources */,
				A046A25B20A25841004C2809 /* AppDelegate.swift in Sources */,
				A046A26E20A3657E004C2809 /* TaskModel.swift in Sources */,
				A024544620A42D0B00AEA979 /* TaskDao.swift in Sources */,
			);
			runOnlyForDeploymentPostprocessing = 0;
		};
/* End PBXSourcesBuildPhase section */

/* Begin PBXVariantGroup section */
		A046A25E20A25842004C2809 /* Main.storyboard */ = {
			isa = PBXVariantGroup;
			children = (
				A046A25F20A25842004C2809 /* Base */,
			);
			name = Main.storyboard;
			sourceTree = "<group>";
		};
		A046A26320A25849004C2809 /* LaunchScreen.storyboard */ = {
			isa = PBXVariantGroup;
			children = (
				A046A26420A25849004C2809 /* Base */,
			);
			name = LaunchScreen.storyboard;
			sourceTree = "<group>";
		};
/* End PBXVariantGroup section */

/* Begin XCBuildConfiguration section */
		A046A26720A25849004C2809 /* Debug */ = {
			isa = XCBuildConfiguration;
			buildSettings = {
				ALWAYS_SEARCH_USER_PATHS = NO;
				CLANG_ANALYZER_NONNULL = YES;
				CLANG_ANALYZER_NUMBER_OBJECT_CONVERSION = YES_AGGRESSIVE;
				CLANG_CXX_LANGUAGE_STANDARD = "gnu++14";
				CLANG_CXX_LIBRARY = "libc++";
				CLANG_ENABLE_MODULES = YES;
				CLANG_ENABLE_OBJC_ARC = YES;
				CLANG_ENABLE_OBJC_WEAK = YES;
				CLANG_WARN_BLOCK_CAPTURE_AUTORELEASING = YES;
				CLANG_WARN_BOOL_CONVERSION = YES;
				CLANG_WARN_COMMA = YES;
				CLANG_WARN_CONSTANT_CONVERSION = YES;
				CLANG_WARN_DEPRECATED_OBJC_IMPLEMENTATIONS = YES;
				CLANG_WARN_DIRECT_OBJC_ISA_USAGE = YES_ERROR;
				CLANG_WARN_DOCUMENTATION_COMMENTS = YES;
				CLANG_WARN_EMPTY_BODY = YES;
				CLANG_WARN_ENUM_CONVERSION = YES;
				CLANG_WARN_INFINITE_RECURSION = YES;
				CLANG_WARN_INT_CONVERSION = YES;
				CLANG_WARN_NON_LITERAL_NULL_CONVERSION = YES;
				CLANG_WARN_OBJC_IMPLICIT_RETAIN_SELF = YES;
				CLANG_WARN_OBJC_LITERAL_CONVERSION = YES;
				CLANG_WARN_OBJC_ROOT_CLASS = YES_ERROR;
				CLANG_WARN_RANGE_LOOP_ANALYSIS = YES;
				CLANG_WARN_STRICT_PROTOTYPES = YES;
				CLANG_WARN_SUSPICIOUS_MOVE = YES;
				CLANG_WARN_UNGUARDED_AVAILABILITY = YES_AGGRESSIVE;
				CLANG_WARN_UNREACHABLE_CODE = YES;
				CLANG_WARN__DUPLICATE_METHOD_MATCH = YES;
				CODE_SIGN_IDENTITY = "iPhone Developer";
				COPY_PHASE_STRIP = NO;
				DEBUG_INFORMATION_FORMAT = dwarf;
				ENABLE_STRICT_OBJC_MSGSEND = YES;
				ENABLE_TESTABILITY = YES;
				GCC_C_LANGUAGE_STANDARD = gnu11;
				GCC_DYNAMIC_NO_PIC = NO;
				GCC_NO_COMMON_BLOCKS = YES;
				GCC_OPTIMIZATION_LEVEL = 0;
				GCC_PREPROCESSOR_DEFINITIONS = (
					"DEBUG=1",
					"$(inherited)",
				);
				GCC_WARN_64_TO_32_BIT_CONVERSION = YES;
				GCC_WARN_ABOUT_RETURN_TYPE = YES_ERROR;
				GCC_WARN_UNDECLARED_SELECTOR = YES;
				GCC_WARN_UNINITIALIZED_AUTOS = YES_AGGRESSIVE;
				GCC_WARN_UNUSED_FUNCTION = YES;
				GCC_WARN_UNUSED_VARIABLE = YES;
				IPHONEOS_DEPLOYMENT_TARGET = 11.3;
				MTL_ENABLE_DEBUG_INFO = YES;
				ONLY_ACTIVE_ARCH = YES;
				SDKROOT = iphoneos;
				SWIFT_ACTIVE_COMPILATION_CONDITIONS = DEBUG;
				SWIFT_OPTIMIZATION_LEVEL = "-Onone";
			};
			name = Debug;
		};
		A046A26820A25849004C2809 /* Release */ = {
			isa = XCBuildConfiguration;
			buildSettings = {
				ALWAYS_SEARCH_USER_PATHS = NO;
				CLANG_ANALYZER_NONNULL = YES;
				CLANG_ANALYZER_NUMBER_OBJECT_CONVERSION = YES_AGGRESSIVE;
				CLANG_CXX_LANGUAGE_STANDARD = "gnu++14";
				CLANG_CXX_LIBRARY = "libc++";
				CLANG_ENABLE_MODULES = YES;
				CLANG_ENABLE_OBJC_ARC = YES;
				CLANG_ENABLE_OBJC_WEAK = YES;
				CLANG_WARN_BLOCK_CAPTURE_AUTORELEASING = YES;
				CLANG_WARN_BOOL_CONVERSION = YES;
				CLANG_WARN_COMMA = YES;
				CLANG_WARN_CONSTANT_CONVERSION = YES;
				CLANG_WARN_DEPRECATED_OBJC_IMPLEMENTATIONS = YES;
				CLANG_WARN_DIRECT_OBJC_ISA_USAGE = YES_ERROR;
				CLANG_WARN_DOCUMENTATION_COMMENTS = YES;
				CLANG_WARN_EMPTY_BODY = YES;
				CLANG_WARN_ENUM_CONVERSION = YES;
				CLANG_WARN_INFINITE_RECURSION = YES;
				CLANG_WARN_INT_CONVERSION = YES;
				CLANG_WARN_NON_LITERAL_NULL_CONVERSION = YES;
				CLANG_WARN_OBJC_IMPLICIT_RETAIN_SELF = YES;
				CLANG_WARN_OBJC_LITERAL_CONVERSION = YES;
				CLANG_WARN_OBJC_ROOT_CLASS = YES_ERROR;
				CLANG_WARN_RANGE_LOOP_ANALYSIS = YES;
				CLANG_WARN_STRICT_PROTOTYPES = YES;
				CLANG_WARN_SUSPICIOUS_MOVE = YES;
				CLANG_WARN_UNGUARDED_AVAILABILITY = YES_AGGRESSIVE;
				CLANG_WARN_UNREACHABLE_CODE = YES;
				CLANG_WARN__DUPLICATE_METHOD_MATCH = YES;
				CODE_SIGN_IDENTITY = "iPhone Developer";
				COPY_PHASE_STRIP = NO;
				DEBUG_INFORMATION_FORMAT = "dwarf-with-dsym";
				ENABLE_NS_ASSERTIONS = NO;
				ENABLE_STRICT_OBJC_MSGSEND = YES;
				GCC_C_LANGUAGE_STANDARD = gnu11;
				GCC_NO_COMMON_BLOCKS = YES;
				GCC_WARN_64_TO_32_BIT_CONVERSION = YES;
				GCC_WARN_ABOUT_RETURN_TYPE = YES_ERROR;
				GCC_WARN_UNDECLARED_SELECTOR = YES;
				GCC_WARN_UNINITIALIZED_AUTOS = YES_AGGRESSIVE;
				GCC_WARN_UNUSED_FUNCTION = YES;
				GCC_WARN_UNUSED_VARIABLE = YES;
				IPHONEOS_DEPLOYMENT_TARGET = 11.3;
				MTL_ENABLE_DEBUG_INFO = NO;
				SDKROOT = iphoneos;
				SWIFT_COMPILATION_MODE = wholemodule;
				SWIFT_OPTIMIZATION_LEVEL = "-O";
				VALIDATE_PRODUCT = YES;
			};
			name = Release;
		};
		A046A26A20A25849004C2809 /* Debug */ = {
			isa = XCBuildConfiguration;
			buildSettings = {
				ASSETCATALOG_COMPILER_APPICON_NAME = AppIcon;
				CODE_SIGN_STYLE = Automatic;
				INFOPLIST_FILE = "TaskApp-Test/Info.plist";
				LD_RUNPATH_SEARCH_PATHS = (
					"$(inherited)",
					"@executable_path/Frameworks",
				);
				PRODUCT_BUNDLE_IDENTIFIER = "Towa.TaskApp-Test";
				PRODUCT_NAME = "$(TARGET_NAME)";
				SWIFT_VERSION = 4.0;
				TARGETED_DEVICE_FAMILY = 1;
			};
			name = Debug;
		};
		A046A26B20A25849004C2809 /* Release */ = {
			isa = XCBuildConfiguration;
			buildSettings = {
				ASSETCATALOG_COMPILER_APPICON_NAME = AppIcon;
				CODE_SIGN_STYLE = Automatic;
				INFOPLIST_FILE = "TaskApp-Test/Info.plist";
				LD_RUNPATH_SEARCH_PATHS = (
					"$(inherited)",
					"@executable_path/Frameworks",
				);
				PRODUCT_BUNDLE_IDENTIFIER = "Towa.TaskApp-Test";
				PRODUCT_NAME = "$(TARGET_NAME)";
				SWIFT_VERSION = 4.0;
				TARGETED_DEVICE_FAMILY = 1;
			};
			name = Release;
		};
/* End XCBuildConfiguration section */

/* Begin XCConfigurationList section */
		A046A25220A25841004C2809 /* Build configuration list for PBXProject "TaskApp-Test" */ = {
			isa = XCConfigurationList;
			buildConfigurations = (
				A046A26720A25849004C2809 /* Debug */,
				A046A26820A25849004C2809 /* Release */,
			);
			defaultConfigurationIsVisible = 0;
			defaultConfigurationName = Release;
		};
		A046A26920A25849004C2809 /* Build configuration list for PBXNativeTarget "TaskApp-Test" */ = {
			isa = XCConfigurationList;
			buildConfigurations = (
				A046A26A20A25849004C2809 /* Debug */,
				A046A26B20A25849004C2809 /* Release */,
			);
			defaultConfigurationIsVisible = 0;
			defaultConfigurationName = Release;
		};
/* End XCConfigurationList section */
	};
	rootObject = A046A24F20A25841004C2809 /* Project object */;
}
